
Microsoft Visual Studio Solution File, Format Version 12.00
# Visual Studio 15
VisualStudioVersion = 15.0.27703.2035
MinimumVisualStudioVersion = 10.0.40219.1
Project("{FAE04EC0-301F-11D3-BF4B-00C04F79EFBC}") = "Opportunity.ChakraBridge.UWP", "Opportunity.ChakraBridge.UWP\Opportunity.ChakraBridge.UWP.csproj", "{BC1090FA-39AE-44C9-9F04-6A4C09AFF733}"
EndProject
Project("{FAE04EC0-301F-11D3-BF4B-00C04F79EFBC}") = "Test", "Test\Test.csproj", "{32052AC8-070F-4AC5-B67D-F2BF24CA917F}"
EndProject
Project("{8BC9CEB8-8B4A-11D0-8D11-00A0C91BC942}") = "Opportunity.ChakraBridge.WinRT", "Opportunity.ChakraBridge.WinRT\Opportunity.ChakraBridge.WinRT.vcxproj", "{0FD69A5C-73E9-4415-80B6-4F3BD601E297}"
EndProject
Global
	GlobalSection(SolutionConfigurationPlatforms) = preSolution
		Debug|Any CPU = Debug|Any CPU
		Debug|ARM = Debug|ARM
		Debug|x64 = Debug|x64
		Debug|x86 = Debug|x86
		Release|Any CPU = Release|Any CPU
		Release|ARM = Release|ARM
		Release|x64 = Release|x64
		Release|x86 = Release|x86
	EndGlobalSection
	GlobalSection(ProjectConfigurationPlatforms) = postSolution
		{BC1090FA-39AE-44C9-9F04-6A4C09AFF733}.Debug|Any CPU.ActiveCfg = Debug|Any CPU
		{BC1090FA-39AE-44C9-9F04-6A4C09AFF733}.Debug|Any CPU.Build.0 = Debug|Any CPU
		{BC1090FA-39AE-44C9-9F04-6A4C09AFF733}.Debug|ARM.ActiveCfg = Debug|ARM
		{BC1090FA-39AE-44C9-9F04-6A4C09AFF733}.Debug|ARM.Build.0 = Debug|ARM
		{BC1090FA-39AE-44C9-9F04-6A4C09AFF733}.Debug|x64.ActiveCfg = Debug|x64
		{BC1090FA-39AE-44C9-9F04-6A4C09AFF733}.Debug|x64.Build.0 = Debug|x64
		{BC1090FA-39AE-44C9-9F04-6A4C09AFF733}.Debug|x86.ActiveCfg = Debug|x86
		{BC1090FA-39AE-44C9-9F04-6A4C09AFF733}.Debug|x86.Build.0 = Debug|x86
		{BC1090FA-39AE-44C9-9F04-6A4C09AFF733}.Release|Any CPU.ActiveCfg = Release|Any CPU
		{BC1090FA-39AE-44C9-9F04-6A4C09AFF733}.Release|Any CPU.Build.0 = Release|Any CPU
		{BC1090FA-39AE-44C9-9F04-6A4C09AFF733}.Release|ARM.ActiveCfg = Release|ARM
		{BC1090FA-39AE-44C9-9F04-6A4C09AFF733}.Release|ARM.Build.0 = Release|ARM
		{BC1090FA-39AE-44C9-9F04-6A4C09AFF733}.Release|x64.ActiveCfg = Release|x64
		{BC1090FA-39AE-44C9-9F04-6A4C09AFF733}.Release|x64.Build.0 = Release|x64
		{BC1090FA-39AE-44C9-9F04-6A4C09AFF733}.Release|x86.ActiveCfg = Release|x86
		{BC1090FA-39AE-44C9-9F04-6A4C09AFF733}.Release|x86.Build.0 = Release|x86
		{32052AC8-070F-4AC5-B67D-F2BF24CA917F}.Debug|Any CPU.ActiveCfg = Debug|x86
		{32052AC8-070F-4AC5-B67D-F2BF24CA917F}.Debug|ARM.ActiveCfg = Debug|ARM
		{32052AC8-070F-4AC5-B67D-F2BF24CA917F}.Debug|ARM.Build.0 = Debug|ARM
		{32052AC8-070F-4AC5-B67D-F2BF24CA917F}.Debug|ARM.Deploy.0 = Debug|ARM
		{32052AC8-070F-4AC5-B67D-F2BF24CA917F}.Debug|x64.ActiveCfg = Debug|x64
		{32052AC8-070F-4AC5-B67D-F2BF24CA917F}.Debug|x64.Build.0 = Debug|x64
		{32052AC8-070F-4AC5-B67D-F2BF24CA917F}.Debug|x64.Deploy.0 = Debug|x64
		{32052AC8-070F-4AC5-B67D-F2BF24CA917F}.Debug|x86.ActiveCfg = Debug|x86
		{32052AC8-070F-4AC5-B67D-F2BF24CA917F}.Debug|x86.Build.0 = Debug|x86
		{32052AC8-070F-4AC5-B67D-F2BF24CA917F}.Debug|x86.Deploy.0 = Debug|x86
		{32052AC8-070F-4AC5-B67D-F2BF24CA917F}.Release|Any CPU.ActiveCfg = Release|x86
		{32052AC8-070F-4AC5-B67D-F2BF24CA917F}.Release|ARM.ActiveCfg = Release|ARM
		{32052AC8-070F-4AC5-B67D-F2BF24CA917F}.Release|ARM.Build.0 = Release|ARM
		{32052AC8-070F-4AC5-B67D-F2BF24CA917F}.Release|ARM.Deploy.0 = Release|ARM
		{32052AC8-070F-4AC5-B67D-F2BF24CA917F}.Release|x64.ActiveCfg = Release|x64
		{32052AC8-070F-4AC5-B67D-F2BF24CA917F}.Release|x64.Build.0 = Release|x64
		{32052AC8-070F-4AC5-B67D-F2BF24CA917F}.Release|x64.Deploy.0 = Release|x64
		{32052AC8-070F-4AC5-B67D-F2BF24CA917F}.Release|x86.ActiveCfg = Release|x86
		{32052AC8-070F-4AC5-B67D-F2BF24CA917F}.Release|x86.Build.0 = Release|x86
		{32052AC8-070F-4AC5-B67D-F2BF24CA917F}.Release|x86.Deploy.0 = Release|x86
		{0FD69A5C-73E9-4415-80B6-4F3BD601E297}.Debug|Any CPU.ActiveCfg = Debug|Win32
		{0FD69A5C-73E9-4415-80B6-4F3BD601E297}.Debug|ARM.ActiveCfg = Debug|ARM
		{0FD69A5C-73E9-4415-80B6-4F3BD601E297}.Debug|ARM.Build.0 = Debug|ARM
		{0FD69A5C-73E9-4415-80B6-4F3BD601E297}.Debug|x64.ActiveCfg = Debug|x64
		{0FD69A5C-73E9-4415-80B6-4F3BD601E297}.Debug|x64.Build.0 = Debug|x64
		{0FD69A5C-73E9-4415-80B6-4F3BD601E297}.Debug|x86.ActiveCfg = Debug|Win32
		{0FD69A5C-73E9-4415-80B6-4F3BD601E297}.Debug|x86.Build.0 = Debug|Win32
		{0FD69A5C-73E9-4415-80B6-4F3BD601E297}.Release|Any CPU.ActiveCfg = Release|Win32
		{0FD69A5C-73E9-4415-80B6-4F3BD601E297}.Release|ARM.ActiveCfg = Release|ARM
		{0FD69A5C-73E9-4415-80B6-4F3BD601E297}.Release|ARM.Build.0 = Release|ARM
		{0FD69A5C-73E9-4415-80B6-4F3BD601E297}.Release|x64.ActiveCfg = Release|x64
		{0FD69A5C-73E9-4415-80B6-4F3BD601E297}.Release|x64.Build.0 = Release|x64
		{0FD69A5C-73E9-4415-80B6-4F3BD601E297}.Release|x86.ActiveCfg = Release|Win32
		{0FD69A5C-73E9-4415-80B6-4F3BD601E297}.Release|x86.Build.0 = Release|Win32
	EndGlobalSection
	GlobalSection(SolutionProperties) = preSolution
		HideSolutionNode = FALSE
	EndGlobalSection
	GlobalSection(ExtensibilityGlobals) = postSolution
		SolutionGuid = {3900C1DD-EE88-463C-8DFC-1031446082A4}
	EndGlobalSection
EndGlobal
