<?xml version="1.0" encoding="utf-8"?>
<Project ToolsVersion="15.0" xmlns="http://schemas.microsoft.com/developer/msbuild/2003">
  <ItemGroup>
    <Filter Include="Resources">
      <UniqueIdentifier>1cd748c8-a83e-4c51-bf4d-af3d24ea9c09</UniqueIdentifier>
      <Extensions>rc;ico;cur;bmp;dlg;rc2;rct;bin;rgs;gif;jpg;jpeg;jpe;resx;tga;tiff;tif;png;wav;mfcribbon-ms</Extensions>
    </Filter>
  </ItemGroup>
  <ItemGroup>
    <ClCompile Include="pch.cpp" />
    <ClCompile Include="JsRuntime\JsRuntime.cpp" />
    <ClCompile Include="JsContext\JsContext.Instance.cpp" />
    <ClCompile Include="JsContext\JsContext.Static.cpp" />
    <ClCompile Include="JsContext\JsContext.Script.cpp" />
    <ClCompile Include="JsContext\JsContextScope.cpp" />
    <ClCompile Include="Value\JsNumber.cpp" />
    <ClCompile Include="Value\JsObject.cpp" />
    <ClCompile Include="Value\JsString.cpp" />
    <ClCompile Include="Value\JsUndefined.cpp" />
    <ClCompile Include="Value\JsValue.cpp" />
    <ClCompile Include="Value\JsBoolean.cpp" />
    <ClCompile Include="Value\JsNull.cpp" />
    <ClCompile Include="Value\JsError.cpp" />
    <ClCompile Include="Value\JsFunction.cpp" />
    <ClCompile Include="Value\JsSymbol.cpp" />
    <ClCompile Include="Native\Helper.cpp" />
    <ClCompile Include="Value\JsArray.cpp" />
  </ItemGroup>
  <ItemGroup>
    <ClInclude Include="pch.h" />
    <ClInclude Include="JsRuntime\JsRuntime.h" />
    <ClInclude Include="JsEnum.h" />
    <ClInclude Include="JsContext\JsContextScope.h" />
    <ClInclude Include="JsContext\JsContext.h" />
    <ClInclude Include="Value\JsNumber.h" />
    <ClInclude Include="Value\JsObject.h" />
    <ClInclude Include="Value\JsString.h" />
    <ClInclude Include="Value\JsUndefined.h" />
    <ClInclude Include="Value\JsValue.h" />
    <ClInclude Include="Value\JsBoolean.h" />
    <ClInclude Include="Value\JsError.h" />
    <ClInclude Include="Value\JsFunction.h" />
    <ClInclude Include="Value\JsNull.h" />
    <ClInclude Include="Value\PreDeclare.h" />
    <ClInclude Include="Value\Declare.h" />
    <ClInclude Include="alias.h" />
    <ClInclude Include="Value\JsSymbol.h" />
    <ClInclude Include="Native\Helper.h" />
    <ClInclude Include="Native\NativeBuffer.h" />
    <ClInclude Include="Value\JsArray.h" />
  </ItemGroup>
</Project>